
Microsoft Visual Studio Solution File, Format Version 12.00
# Visual Studio 14
VisualStudioVersion = 14.0.25420.1
MinimumVisualStudioVersion = 10.0.40219.1
Project("{FAE04EC0-301F-11D3-BF4B-00C04F79EFBC}") = "SCEyP", "SCEyP\SCEyP.csproj", "{7474E7F6-14EA-4A03-8740-00DCFFFD4D43}"
EndProject
Project("{FAE04EC0-301F-11D3-BF4B-00C04F79EFBC}") = "Models", "Models\Models.csproj", "{43736C93-4AAD-488F-96C2-4C6B5FB02F2C}"
EndProject
Project("{FAE04EC0-301F-11D3-BF4B-00C04F79EFBC}") = "Controllers", "Controllers\Controllers.csproj", "{7EA65A85-8DA1-485B-8BF0-BD16158630BF}"
EndProject
Project("{FAE04EC0-301F-11D3-BF4B-00C04F79EFBC}") = "Views", "Views\Views.csproj", "{AF2B7C5F-8226-467E-B401-4FA43FA2EBE9}"
EndProject
Global
	GlobalSection(SolutionConfigurationPlatforms) = preSolution
		Debug|Any CPU = Debug|Any CPU
		Release|Any CPU = Release|Any CPU
	EndGlobalSection
	GlobalSection(ProjectConfigurationPlatforms) = postSolution
		{7474E7F6-14EA-4A03-8740-00DCFFFD4D43}.Debug|Any CPU.ActiveCfg = Debug|Any CPU
		{7474E7F6-14EA-4A03-8740-00DCFFFD4D43}.Debug|Any CPU.Build.0 = Debug|Any CPU
		{7474E7F6-14EA-4A03-8740-00DCFFFD4D43}.Release|Any CPU.ActiveCfg = Release|Any CPU
		{7474E7F6-14EA-4A03-8740-00DCFFFD4D43}.Release|Any CPU.Build.0 = Release|Any CPU
		{43736C93-4AAD-488F-96C2-4C6B5FB02F2C}.Debug|Any CPU.ActiveCfg = Debug|Any CPU
		{43736C93-4AAD-488F-96C2-4C6B5FB02F2C}.Debug|Any CPU.Build.0 = Debug|Any CPU
		{43736C93-4AAD-488F-96C2-4C6B5FB02F2C}.Release|Any CPU.ActiveCfg = Release|Any CPU
		{43736C93-4AAD-488F-96C2-4C6B5FB02F2C}.Release|Any CPU.Build.0 = Release|Any CPU
		{7EA65A85-8DA1-485B-8BF0-BD16158630BF}.Debug|Any CPU.ActiveCfg = Debug|Any CPU
		{7EA65A85-8DA1-485B-8BF0-BD16158630BF}.Debug|Any CPU.Build.0 = Debug|Any CPU
		{7EA65A85-8DA1-485B-8BF0-BD16158630BF}.Release|Any CPU.ActiveCfg = Release|Any CPU
		{7EA65A85-8DA1-485B-8BF0-BD16158630BF}.Release|Any CPU.Build.0 = Release|Any CPU
		{AF2B7C5F-8226-467E-B401-4FA43FA2EBE9}.Debug|Any CPU.ActiveCfg = Debug|Any CPU
		{AF2B7C5F-8226-467E-B401-4FA43FA2EBE9}.Debug|Any CPU.Build.0 = Debug|Any CPU
		{AF2B7C5F-8226-467E-B401-4FA43FA2EBE9}.Release|Any CPU.ActiveCfg = Release|Any CPU
		{AF2B7C5F-8226-467E-B401-4FA43FA2EBE9}.Release|Any CPU.Build.0 = Release|Any CPU
	EndGlobalSection
	GlobalSection(SolutionProperties) = preSolution
		HideSolutionNode = FALSE
	EndGlobalSection
EndGlobal
